{
  "name": "@ehsanfox/mediastreamer",
  "version": "0.2.6",
  "lockfileVersion": 1,
  "requires": true,
  "dependencies": {
    "@babel/parser": {
      "version": "7.16.4",
      "resolved": "https://registry.npmjs.org/@babel/parser/-/parser-7.16.4.tgz",
      "integrity": "sha512-6V0qdPUaiVHH3RtZeLIsc+6pDhbYzHR8ogA8w+f+Wc77DuXto19g2QUwveINoS34Uw+W8/hQDGJCx+i4n7xcng==",
      "dev": true
    },
    "@discordjs/node-pre-gyp": {
      "version": "0.4.2",
      "resolved": "https://registry.npmjs.org/@discordjs/node-pre-gyp/-/node-pre-gyp-0.4.2.tgz",
      "integrity": "sha512-V239Czn+DXFGLhhuccwEDBoTdgMGrRu30dOlzm1GzrSIjwFj01ZJerNX7x+CEX1NG1Q/1gGfOOkeZFNHjycrRA==",
      "requires": {
        "detect-libc": "^1.0.3",
        "https-proxy-agent": "^5.0.0",
        "make-dir": "^3.1.0",
        "node-fetch": "^2.6.5",
        "nopt": "^5.0.0",
        "npmlog": "^5.0.1",
        "rimraf": "^3.0.2",
        "semver": "^7.3.5",
        "tar": "^6.1.11"
      }
    },
    "@discordjs/opus": {
      "version": "0.7.0",
      "resolved": "https://registry.npmjs.org/@discordjs/opus/-/opus-0.7.0.tgz",
      "integrity": "sha512-3Xxa3dh7taSDwBAR5fLALZ/KTxvbMmHCMxYLYve6NlPO7Ms1CLmKqp/R4ZoVzkRGQVUVWEhaB1s0v9jfa2tfDg==",
      "requires": {
        "@discordjs/node-pre-gyp": "^0.4.2",
        "node-addon-api": "^4.2.0"
      }
    },
    "abbrev": {
      "version": "1.1.1",
      "resolved": "https://registry.npmjs.org/abbrev/-/abbrev-1.1.1.tgz",
      "integrity": "sha512-nne9/IiQ/hzIhY6pdDnbBtz7DjPTKrY00P/zvPSm5pOFkl6xuGrGnXn/VtTNNfNtAfZ9/1RtehkszU9qcTii0Q=="
    },
    "agent-base": {
      "version": "6.0.2",
      "resolved": "https://registry.npmjs.org/agent-base/-/agent-base-6.0.2.tgz",
      "integrity": "sha512-RZNwNclF7+MS/8bDg70amg32dyeZGZxiDuQmZxKLAlQjr3jGyLx+4Kkk58UO7D2QdgFIQCovuSuZESne6RG6XQ==",
      "requires": {
        "debug": "4"
      }
    },
    "ansi-regex": {
      "version": "3.0.0",
      "resolved": "https://registry.npmjs.org/ansi-regex/-/ansi-regex-3.0.0.tgz",
      "integrity": "sha1-7QMXwyIGT3lGbAKWa922Bas32Zg="
    },
    "aproba": {
      "version": "2.0.0",
      "resolved": "https://registry.npmjs.org/aproba/-/aproba-2.0.0.tgz",
      "integrity": "sha512-lYe4Gx7QT+MKGbDsA+Z+he/Wtef0BiwDOlK/XkBrdfsh9J/jPPXbX0tE9x9cl27Tmu5gg3QUbUrQYa/y+KOHPQ=="
    },
    "are-we-there-yet": {
      "version": "2.0.0",
      "resolved": "https://registry.npmjs.org/are-we-there-yet/-/are-we-there-yet-2.0.0.tgz",
      "integrity": "sha512-Ci/qENmwHnsYo9xKIcUJN5LeDKdJ6R1Z1j9V/J5wyq8nh/mYPEpIKJbBZXtZjG04HiK7zV/p6Vs9952MrMeUIw==",
      "requires": {
        "delegates": "^1.0.0",
        "readable-stream": "^3.6.0"
      }
    },
    "argparse": {
      "version": "1.0.10",
      "resolved": "https://registry.npmjs.org/argparse/-/argparse-1.0.10.tgz",
      "integrity": "sha512-o5Roy6tNG4SL/FOkCAN6RzjiakZS25RLYFrcMttJqbdd8BWrnA+fGz57iN5Pb06pvBGvl5gQ0B48dJlslXvoTg==",
      "dev": true,
      "requires": {
        "sprintf-js": "~1.0.2"
      }
    },
    "at-least-node": {
      "version": "1.0.0",
      "resolved": "https://registry.npmjs.org/at-least-node/-/at-least-node-1.0.0.tgz",
      "integrity": "sha512-+q/t7Ekv1EDY2l6Gda6LLiX14rU9TV20Wa3ofeQmwPFZbOMo9DXrLbOjFaaclkXKWidIaopwAObQDqwWtGUjqg=="
    },
    "balanced-match": {
      "version": "1.0.2",
      "resolved": "https://registry.npmjs.org/balanced-match/-/balanced-match-1.0.2.tgz",
      "integrity": "sha512-3oSeUO0TMV67hN1AmbXsK4yaqU7tjiHlbxRDZOpH0KW9+CeX4bRAaX0Anxt0tx2MrpRpWwQaPwIlISEJhYU5Pw=="
    },
    "bindings": {
      "version": "1.2.1",
      "resolved": "https://registry.npmjs.org/bindings/-/bindings-1.2.1.tgz",
      "integrity": "sha1-FK1hE4EtLTfXLme0ystLtyZQXxE="
    },
    "bluebird": {
      "version": "3.7.2",
      "resolved": "https://registry.npmjs.org/bluebird/-/bluebird-3.7.2.tgz",
      "integrity": "sha512-XpNj6GDQzdfW+r2Wnn7xiSAd7TM3jzkxGXBGTtWKuSXv1xUV+azxAm8jdWZN06QTQk+2N2XB9jRDkvbmQmcRtg==",
      "dev": true
    },
    "brace-expansion": {
      "version": "1.1.11",
      "resolved": "https://registry.npmjs.org/brace-expansion/-/brace-expansion-1.1.11.tgz",
      "integrity": "sha512-iCuPHDFgrHX7H2vEI/5xpz07zSHB00TpugqhmYtVmMO6518mCuRMoOYFldEBl0g187ufozdaHgWKcYFb61qGiA==",
      "requires": {
        "balanced-match": "^1.0.0",
        "concat-map": "0.0.1"
      }
    },
    "catharsis": {
      "version": "0.9.0",
      "resolved": "https://registry.npmjs.org/catharsis/-/catharsis-0.9.0.tgz",
      "integrity": "sha512-prMTQVpcns/tzFgFVkVp6ak6RykZyWb3gu8ckUpd6YkTlacOd3DXGJjIpD4Q6zJirizvaiAjSSHlOsA+6sNh2A==",
      "dev": true,
      "requires": {
        "lodash": "^4.17.15"
      }
    },
    "chownr": {
      "version": "2.0.0",
      "resolved": "https://registry.npmjs.org/chownr/-/chownr-2.0.0.tgz",
      "integrity": "sha512-bIomtDF5KGpdogkLd9VspvFzk9KfpyyGlS8YFVZl7TGPBHL5snIOnxeshwVgPteQ9b4Eydl+pVbIyE1DcvCWgQ=="
    },
    "clean-jsdoc-theme": {
      "version": "3.3.1",
      "resolved": "https://registry.npmjs.org/clean-jsdoc-theme/-/clean-jsdoc-theme-3.3.1.tgz",
      "integrity": "sha512-e2P5PB1YcRpWto5pNgG7CLIlMLuEF+UGCf5CPYNvMsqw5or30VQFITWKfBuKZzD98Q9H0wW2n5aqV6CuT2FhGQ==",
      "requires": {
        "fs-extra": "^9.1.0"
      }
    },
    "color-support": {
      "version": "1.1.3",
      "resolved": "https://registry.npmjs.org/color-support/-/color-support-1.1.3.tgz",
      "integrity": "sha512-qiBjkpbMLO/HL68y+lh4q0/O1MZFj2RX6X/KmMa3+gJD3z+WwI1ZzDHysvqHGS3mP6mznPckpXmw1nI9cJjyRg=="
    },
    "commander": {
      "version": "2.20.3",
      "resolved": "https://registry.npmjs.org/commander/-/commander-2.20.3.tgz",
      "integrity": "sha512-GpVkmM8vF2vQUkj2LvZmD35JxeJOLCwJ9cUkugyk2nuhbv3+mJvpLYYt+0+USMxE+oj+ey/lJEnhZw75x/OMcQ=="
    },
    "concat-map": {
      "version": "0.0.1",
      "resolved": "https://registry.npmjs.org/concat-map/-/concat-map-0.0.1.tgz",
      "integrity": "sha1-2Klr13/Wjfd5OnMDajug1UBdR3s="
    },
    "console-control-strings": {
      "version": "1.1.0",
      "resolved": "https://registry.npmjs.org/console-control-strings/-/console-control-strings-1.1.0.tgz",
      "integrity": "sha1-PXz0Rk22RG6mRL9LOVB/mFEAjo4="
    },
    "debug": {
      "version": "4.3.3",
      "resolved": "https://registry.npmjs.org/debug/-/debug-4.3.3.tgz",
      "integrity": "sha512-/zxw5+vh1Tfv+4Qn7a5nsbcJKPaSvCDhojn6FEl9vupwK2VCSDtEiEtqr8DFtzYFOdz63LBkxec7DYuc2jon6Q==",
      "requires": {
        "ms": "2.1.2"
      }
    },
    "delegates": {
      "version": "1.0.0",
      "resolved": "https://registry.npmjs.org/delegates/-/delegates-1.0.0.tgz",
      "integrity": "sha1-hMbhWbgZBP3KWaDvRM2HDTElD5o="
    },
    "detect-libc": {
      "version": "1.0.3",
      "resolved": "https://registry.npmjs.org/detect-libc/-/detect-libc-1.0.3.tgz",
      "integrity": "sha1-+hN8S9aY7fVc1c0CrFWfkaTEups="
    },
    "emoji-regex": {
      "version": "8.0.0",
      "resolved": "https://registry.npmjs.org/emoji-regex/-/emoji-regex-8.0.0.tgz",
      "integrity": "sha512-MSjYzcWNOA0ewAHpz0MxpYFvwg6yjy1NG3xteoqz644VCo/RPgnr1/GGt+ic3iJTzQ8Eu3TdM14SawnVUmGE6A=="
    },
    "entities": {
      "version": "2.0.3",
      "resolved": "https://registry.npmjs.org/entities/-/entities-2.0.3.tgz",
      "integrity": "sha512-MyoZ0jgnLvB2X3Lg5HqpFmn1kybDiIfEQmKzTb5apr51Rb+T3KdmMiqa70T+bhGnyv7bQ6WMj2QMHpGMmlrUYQ==",
      "dev": true
    },
    "escape-string-regexp": {
      "version": "2.0.0",
      "resolved": "https://registry.npmjs.org/escape-string-regexp/-/escape-string-regexp-2.0.0.tgz",
      "integrity": "sha512-UpzcLCXolUWcNu5HtVMHYdXJjArjsF9C0aNnquZYY4uW/Vu0miy5YoWvbV345HauVvcAUnpRuhMMcqTcGOY2+w==",
      "dev": true
    },
    "fs-extra": {
      "version": "9.1.0",
      "resolved": "https://registry.npmjs.org/fs-extra/-/fs-extra-9.1.0.tgz",
      "integrity": "sha512-hcg3ZmepS30/7BSFqRvoo3DOMQu7IjqxO5nCDt+zM9XWjb33Wg7ziNT+Qvqbuc3+gWpzO02JubVyk2G4Zvo1OQ==",
      "requires": {
        "at-least-node": "^1.0.0",
        "graceful-fs": "^4.2.0",
        "jsonfile": "^6.0.1",
        "universalify": "^2.0.0"
      }
    },
    "fs-minipass": {
      "version": "2.1.0",
      "resolved": "https://registry.npmjs.org/fs-minipass/-/fs-minipass-2.1.0.tgz",
      "integrity": "sha512-V/JgOLFCS+R6Vcq0slCuaeWEdNC3ouDlJMNIsacH2VtALiu9mV4LPrHc5cDl8k5aw6J8jwgWWpiTo5RYhmIzvg==",
      "requires": {
        "minipass": "^3.0.0"
      }
    },
    "fs.realpath": {
      "version": "1.0.0",
      "resolved": "https://registry.npmjs.org/fs.realpath/-/fs.realpath-1.0.0.tgz",
      "integrity": "sha1-FQStJSMVjKpA20onh8sBQRmU6k8="
    },
    "gauge": {
      "version": "3.0.1",
      "resolved": "https://registry.npmjs.org/gauge/-/gauge-3.0.1.tgz",
      "integrity": "sha512-6STz6KdQgxO4S/ko+AbjlFGGdGcknluoqU+79GOFCDqqyYj5OanQf9AjxwN0jCidtT+ziPMmPSt9E4hfQ0CwIQ==",
      "requires": {
        "aproba": "^1.0.3 || ^2.0.0",
        "color-support": "^1.1.2",
        "console-control-strings": "^1.0.0",
        "has-unicode": "^2.0.1",
        "object-assign": "^4.1.1",
        "signal-exit": "^3.0.0",
        "string-width": "^1.0.1 || ^2.0.0",
        "strip-ansi": "^3.0.1 || ^4.0.0",
        "wide-align": "^1.1.2"
      },
      "dependencies": {
        "string-width": {
          "version": "2.1.1",
          "resolved": "https://registry.npmjs.org/string-width/-/string-width-2.1.1.tgz",
          "integrity": "sha512-nOqH59deCq9SRHlxq1Aw85Jnt4w6KvLKqWVik6oA9ZklXLNIOlqg4F2yrT1MVaTjAqvVwdfeZ7w7aCvJD7ugkw==",
          "requires": {
            "is-fullwidth-code-point": "^2.0.0",
            "strip-ansi": "^4.0.0"
          }
        }
      }
    },
    "glob": {
      "version": "7.2.0",
      "resolved": "https://registry.npmjs.org/glob/-/glob-7.2.0.tgz",
      "integrity": "sha512-lmLf6gtyrPq8tTjSmrO94wBeQbFR3HbLHbuyD69wuyQkImp2hWqMGB47OX65FBkPffO641IP9jWa1z4ivqG26Q==",
      "requires": {
        "fs.realpath": "^1.0.0",
        "inflight": "^1.0.4",
        "inherits": "2",
        "minimatch": "^3.0.4",
        "once": "^1.3.0",
        "path-is-absolute": "^1.0.0"
      }
    },
    "graceful-fs": {
      "version": "4.2.8",
      "resolved": "https://registry.npmjs.org/graceful-fs/-/graceful-fs-4.2.8.tgz",
      "integrity": "sha512-qkIilPUYcNhJpd33n0GBXTB1MMPp14TxEsEs0pTrsSVucApsYzW5V+Q8Qxhik6KU3evy+qkAAowTByymK0avdg=="
    },
    "has-unicode": {
      "version": "2.0.1",
      "resolved": "https://registry.npmjs.org/has-unicode/-/has-unicode-2.0.1.tgz",
      "integrity": "sha1-4Ob+aijPUROIVeCG0Wkedx3iqLk="
    },
    "https-proxy-agent": {
      "version": "5.0.0",
      "resolved": "https://registry.npmjs.org/https-proxy-agent/-/https-proxy-agent-5.0.0.tgz",
      "integrity": "sha512-EkYm5BcKUGiduxzSt3Eppko+PiNWNEpa4ySk9vTC6wDsQJW9rHSa+UhGNJoRYp7bz6Ht1eaRIa6QaJqO5rCFbA==",
      "requires": {
        "agent-base": "6",
        "debug": "4"
      }
    },
    "inflight": {
      "version": "1.0.6",
      "resolved": "https://registry.npmjs.org/inflight/-/inflight-1.0.6.tgz",
      "integrity": "sha1-Sb1jMdfQLQwJvJEKEHW6gWW1bfk=",
      "requires": {
        "once": "^1.3.0",
        "wrappy": "1"
      }
    },
    "inherits": {
      "version": "2.0.4",
      "resolved": "https://registry.npmjs.org/inherits/-/inherits-2.0.4.tgz",
      "integrity": "sha512-k/vGaX4/Yla3WzyMCvTQOXYeIHvqOKtnqBduzTHpzpQZzAskKMhZ2K+EnBiSM9zGSoIFeMpXKxa4dYeZIQqewQ=="
    },
    "is-fullwidth-code-point": {
      "version": "2.0.0",
      "resolved": "https://registry.npmjs.org/is-fullwidth-code-point/-/is-fullwidth-code-point-2.0.0.tgz",
      "integrity": "sha1-o7MKXE8ZkYMWeqq5O+764937ZU8="
    },
    "js2xmlparser": {
      "version": "4.0.2",
      "resolved": "https://registry.npmjs.org/js2xmlparser/-/js2xmlparser-4.0.2.tgz",
      "integrity": "sha512-6n4D8gLlLf1n5mNLQPRfViYzu9RATblzPEtm1SthMX1Pjao0r9YI9nw7ZIfRxQMERS87mcswrg+r/OYrPRX6jA==",
      "dev": true,
      "requires": {
        "xmlcreate": "^2.0.4"
      }
    },
    "jsdoc": {
      "version": "3.6.7",
      "resolved": "https://registry.npmjs.org/jsdoc/-/jsdoc-3.6.7.tgz",
      "integrity": "sha512-sxKt7h0vzCd+3Y81Ey2qinupL6DpRSZJclS04ugHDNmRUXGzqicMJ6iwayhSA0S0DwwX30c5ozyUthr1QKF6uw==",
      "dev": true,
      "requires": {
        "@babel/parser": "^7.9.4",
        "bluebird": "^3.7.2",
        "catharsis": "^0.9.0",
        "escape-string-regexp": "^2.0.0",
        "js2xmlparser": "^4.0.1",
        "klaw": "^3.0.0",
        "markdown-it": "^10.0.0",
        "markdown-it-anchor": "^5.2.7",
        "marked": "^2.0.3",
        "mkdirp": "^1.0.4",
        "requizzle": "^0.2.3",
        "strip-json-comments": "^3.1.0",
        "taffydb": "2.6.2",
        "underscore": "~1.13.1"
      }
    },
    "jsonfile": {
      "version": "6.1.0",
      "resolved": "https://registry.npmjs.org/jsonfile/-/jsonfile-6.1.0.tgz",
      "integrity": "sha512-5dgndWOriYSm5cnYaJNhalLNDKOqFwyDB/rr1E9ZsGciGvKPs8R2xYGCacuf3z6K1YKDz182fd+fY3cn3pMqXQ==",
      "requires": {
        "graceful-fs": "^4.1.6",
        "universalify": "^2.0.0"
      }
    },
    "klaw": {
      "version": "3.0.0",
      "resolved": "https://registry.npmjs.org/klaw/-/klaw-3.0.0.tgz",
      "integrity": "sha512-0Fo5oir+O9jnXu5EefYbVK+mHMBeEVEy2cmctR1O1NECcCkPRreJKrS6Qt/j3KC2C148Dfo9i3pCmCMsdqGr0g==",
      "dev": true,
      "requires": {
        "graceful-fs": "^4.1.9"
      }
    },
    "linkify-it": {
      "version": "2.2.0",
      "resolved": "https://registry.npmjs.org/linkify-it/-/linkify-it-2.2.0.tgz",
      "integrity": "sha512-GnAl/knGn+i1U/wjBz3akz2stz+HrHLsxMwHQGofCDfPvlf+gDKN58UtfmUquTY4/MXeE2x7k19KQmeoZi94Iw==",
      "dev": true,
      "requires": {
        "uc.micro": "^1.0.1"
      }
    },
    "lodash": {
      "version": "4.17.21",
      "resolved": "https://registry.npmjs.org/lodash/-/lodash-4.17.21.tgz",
      "integrity": "sha512-v2kDEe57lecTulaDIuNTPy3Ry4gLGJ6Z1O3vE1krgXZNrsQ+LFTGHVxVjcXPs17LhbZVGedAJv8XZ1tvj5FvSg==",
      "dev": true
    },
    "lru-cache": {
      "version": "6.0.0",
      "resolved": "https://registry.npmjs.org/lru-cache/-/lru-cache-6.0.0.tgz",
      "integrity": "sha512-Jo6dJ04CmSjuznwJSS3pUeWmd/H0ffTlkXXgwZi+eq1UCmqQwCh+eLsYOYCwY991i2Fah4h1BEMCx4qThGbsiA==",
      "requires": {
        "yallist": "^4.0.0"
      }
    },
    "make-dir": {
      "version": "3.1.0",
      "resolved": "https://registry.npmjs.org/make-dir/-/make-dir-3.1.0.tgz",
      "integrity": "sha512-g3FeP20LNwhALb/6Cz6Dd4F2ngze0jz7tbzrD2wAV+o9FeNHe4rL+yK2md0J/fiSf1sa1ADhXqi5+oVwOM/eGw==",
      "requires": {
        "semver": "^6.0.0"
      },
      "dependencies": {
        "semver": {
          "version": "6.3.0",
          "resolved": "https://registry.npmjs.org/semver/-/semver-6.3.0.tgz",
          "integrity": "sha512-b39TBaTSfV6yBrapU89p5fKekE2m/NwnDocOVruQFS1/veMgdzuPcnOM34M6CwxW8jH/lxEa5rBoDeUwu5HHTw=="
        }
      }
    },
    "markdown-it": {
      "version": "10.0.0",
      "resolved": "https://registry.npmjs.org/markdown-it/-/markdown-it-10.0.0.tgz",
      "integrity": "sha512-YWOP1j7UbDNz+TumYP1kpwnP0aEa711cJjrAQrzd0UXlbJfc5aAq0F/PZHjiioqDC1NKgvIMX+o+9Bk7yuM2dg==",
      "dev": true,
      "requires": {
        "argparse": "^1.0.7",
        "entities": "~2.0.0",
        "linkify-it": "^2.0.0",
        "mdurl": "^1.0.1",
        "uc.micro": "^1.0.5"
      }
    },
    "markdown-it-anchor": {
      "version": "5.3.0",
      "resolved": "https://registry.npmjs.org/markdown-it-anchor/-/markdown-it-anchor-5.3.0.tgz",
      "integrity": "sha512-/V1MnLL/rgJ3jkMWo84UR+K+jF1cxNG1a+KwqeXqTIJ+jtA8aWSHuigx8lTzauiIjBDbwF3NcWQMotd0Dm39jA==",
      "dev": true
    },
    "marked": {
      "version": "2.1.3",
      "resolved": "https://registry.npmjs.org/marked/-/marked-2.1.3.tgz",
      "integrity": "sha512-/Q+7MGzaETqifOMWYEA7HVMaZb4XbcRfaOzcSsHZEith83KGlvaSG33u0SKu89Mj5h+T8V2hM+8O45Qc5XTgwA==",
      "dev": true
    },
    "mdurl": {
      "version": "1.0.1",
      "resolved": "https://registry.npmjs.org/mdurl/-/mdurl-1.0.1.tgz",
      "integrity": "sha1-/oWy7HWlkDfyrf7BAP1sYBdhFS4=",
      "dev": true
    },
    "minimatch": {
      "version": "3.0.4",
      "resolved": "https://registry.npmjs.org/minimatch/-/minimatch-3.0.4.tgz",
      "integrity": "sha512-yJHVQEhyqPLUTgt9B83PXu6W3rx4MvvHvSUvToogpwoGDOUQ+yDrR0HRot+yOCdCO7u4hX3pWft6kWBBcqh0UA==",
      "requires": {
        "brace-expansion": "^1.1.7"
      }
    },
    "minipass": {
      "version": "3.1.5",
      "resolved": "https://registry.npmjs.org/minipass/-/minipass-3.1.5.tgz",
      "integrity": "sha512-+8NzxD82XQoNKNrl1d/FSi+X8wAEWR+sbYAfIvub4Nz0d22plFG72CEVVaufV8PNf4qSslFTD8VMOxNVhHCjTw==",
      "requires": {
        "yallist": "^4.0.0"
      }
    },
    "minizlib": {
      "version": "2.1.2",
      "resolved": "https://registry.npmjs.org/minizlib/-/minizlib-2.1.2.tgz",
      "integrity": "sha512-bAxsR8BVfj60DWXHE3u30oHzfl4G7khkSuPW+qvpd7jFRHm7dLxOjUk1EHACJ/hxLY8phGJ0YhYHZo7jil7Qdg==",
      "requires": {
        "minipass": "^3.0.0",
        "yallist": "^4.0.0"
      }
    },
    "mkdirp": {
      "version": "1.0.4",
      "resolved": "https://registry.npmjs.org/mkdirp/-/mkdirp-1.0.4.tgz",
      "integrity": "sha512-vVqVZQyf3WLx2Shd0qJ9xuvqgAyKPLAiqITEtqW0oIUjzo3PePDd6fW9iFz30ef7Ysp/oiWqbhszeGWW2T6Gzw=="
    },
    "ms": {
      "version": "2.1.2",
      "resolved": "https://registry.npmjs.org/ms/-/ms-2.1.2.tgz",
      "integrity": "sha512-sGkPx+VjMtmA6MX27oA4FBFELFCZZ4S4XqeGOXCv68tT+jb3vk/RyaKWP0PTKyWtmLSM0b+adUTEvbs1PEaH2w=="
    },
    "nan": {
      "version": "2.15.0",
      "resolved": "https://registry.npmjs.org/nan/-/nan-2.15.0.tgz",
      "integrity": "sha512-8ZtvEnA2c5aYCZYd1cvgdnU6cqwixRoYg70xPLWUws5ORTa/lnw+u4amixRS/Ac5U5mQVgp9pnlSUnbNWFaWZQ=="
    },
    "node-addon-api": {
      "version": "4.2.0",
      "resolved": "https://registry.npmjs.org/node-addon-api/-/node-addon-api-4.2.0.tgz",
      "integrity": "sha512-eazsqzwG2lskuzBqCGPi7Ac2UgOoMz8JVOXVhTvvPDYhthvNpefx8jWD8Np7Gv+2Sz0FlPWZk0nJV0z598Wn8Q=="
    },
    "node-fetch": {
      "version": "2.6.6",
      "resolved": "https://registry.npmjs.org/node-fetch/-/node-fetch-2.6.6.tgz",
      "integrity": "sha512-Z8/6vRlTUChSdIgMa51jxQ4lrw/Jy5SOW10ObaA47/RElsAN2c5Pn8bTgFGWn/ibwzXTE8qwr1Yzx28vsecXEA==",
      "requires": {
        "whatwg-url": "^5.0.0"
      }
    },
    "node-opus": {
      "version": "0.3.3",
      "resolved": "https://registry.npmjs.org/node-opus/-/node-opus-0.3.3.tgz",
      "integrity": "sha512-ZQniA8iJ6y/qOTmW6eyzM9m8odt4CIGV0NM9/U03/pYLhGyxy18QXO25WfrWd8XsUYx57tnxll2xxj54CN08uQ==",
      "requires": {
        "bindings": "~1.2.1",
        "commander": "^2.9.0",
        "nan": "^2.14.0",
        "ogg-packet": "^1.0.0"
      }
    },
    "nopt": {
      "version": "5.0.0",
      "resolved": "https://registry.npmjs.org/nopt/-/nopt-5.0.0.tgz",
      "integrity": "sha512-Tbj67rffqceeLpcRXrT7vKAN8CwfPeIBgM7E6iBkmKLV7bEMwpGgYLGv0jACUsECaa/vuxP0IjEont6umdMgtQ==",
      "requires": {
        "abbrev": "1"
      }
    },
    "npmlog": {
      "version": "5.0.1",
      "resolved": "https://registry.npmjs.org/npmlog/-/npmlog-5.0.1.tgz",
      "integrity": "sha512-AqZtDUWOMKs1G/8lwylVjrdYgqA4d9nu8hc+0gzRxlDb1I10+FHBGMXs6aiQHFdCUUlqH99MUMuLfzWDNDtfxw==",
      "requires": {
        "are-we-there-yet": "^2.0.0",
        "console-control-strings": "^1.1.0",
        "gauge": "^3.0.0",
        "set-blocking": "^2.0.0"
      }
    },
    "object-assign": {
      "version": "4.1.1",
      "resolved": "https://registry.npmjs.org/object-assign/-/object-assign-4.1.1.tgz",
      "integrity": "sha1-IQmtx5ZYh8/AXLvUQsrIv7s2CGM="
    },
    "ogg-packet": {
      "version": "1.0.1",
      "resolved": "https://registry.npmjs.org/ogg-packet/-/ogg-packet-1.0.1.tgz",
      "integrity": "sha512-dW1ok3BMnMikyXGDIgVEckWnlViW8JLWQV4qj9aN/rNRVqHlDYSlcIEtSIMH7tpuUOiIxAhY3+OxNdIOm6s17A==",
      "optional": true,
      "requires": {
        "ref-struct": "*"
      }
    },
    "once": {
      "version": "1.4.0",
      "resolved": "https://registry.npmjs.org/once/-/once-1.4.0.tgz",
      "integrity": "sha1-WDsap3WWHUsROsF9nFC6753Xa9E=",
      "requires": {
        "wrappy": "1"
      }
    },
    "opusscript": {
      "version": "0.0.8",
      "resolved": "https://registry.npmjs.org/opusscript/-/opusscript-0.0.8.tgz",
      "integrity": "sha512-VSTi1aWFuCkRCVq+tx/BQ5q9fMnQ9pVZ3JU4UHKqTkf0ED3fKEPdr+gKAAl3IA2hj9rrP6iyq3hlcJq3HELtNQ=="
    },
    "path-is-absolute": {
      "version": "1.0.1",
      "resolved": "https://registry.npmjs.org/path-is-absolute/-/path-is-absolute-1.0.1.tgz",
      "integrity": "sha1-F0uSaHNVNP+8es5r9TpanhtcX18="
    },
    "readable-stream": {
      "version": "3.6.0",
      "resolved": "https://registry.npmjs.org/readable-stream/-/readable-stream-3.6.0.tgz",
      "integrity": "sha512-BViHy7LKeTz4oNnkcLJ+lVSL6vpiFeX6/d3oSH8zCW7UxP2onchk+vTGB143xuFjHS3deTgkKoXXymXqymiIdA==",
      "requires": {
        "inherits": "^2.0.3",
        "string_decoder": "^1.1.1",
        "util-deprecate": "^1.0.1"
      }
    },
    "ref": {
      "version": "1.3.5",
      "resolved": "https://registry.npmjs.org/ref/-/ref-1.3.5.tgz",
      "integrity": "sha512-2cBCniTtxcGUjDpvFfVpw323a83/0RLSGJJY5l5lcomZWhYpU2cuLdsvYqMixvsdLJ9+sTdzEkju8J8ZHDM2nA==",
      "optional": true,
      "requires": {
        "bindings": "1",
        "debug": "2",
        "nan": "2"
      },
      "dependencies": {
        "debug": {
          "version": "2.6.9",
          "resolved": "https://registry.npmjs.org/debug/-/debug-2.6.9.tgz",
          "integrity": "sha512-bC7ElrdJaJnPbAP+1EotYvqZsb3ecl5wi6Bfi6BJTUcNowp6cvspg0jXznRTKDjm/E7AdgFBVeAPVMNcKGsHMA==",
          "optional": true,
          "requires": {
            "ms": "2.0.0"
          }
        },
        "ms": {
          "version": "2.0.0",
          "resolved": "https://registry.npmjs.org/ms/-/ms-2.0.0.tgz",
          "integrity": "sha1-VgiurfwAvmwpAd9fmGF4jeDVl8g=",
          "optional": true
        }
      }
    },
    "ref-struct": {
      "version": "1.1.0",
      "resolved": "https://registry.npmjs.org/ref-struct/-/ref-struct-1.1.0.tgz",
      "integrity": "sha1-XV7mWtQc78Olxf60BYcmHkee3BM=",
      "optional": true,
      "requires": {
        "debug": "2",
        "ref": "1"
      },
      "dependencies": {
        "debug": {
          "version": "2.6.9",
          "resolved": "https://registry.npmjs.org/debug/-/debug-2.6.9.tgz",
          "integrity": "sha512-bC7ElrdJaJnPbAP+1EotYvqZsb3ecl5wi6Bfi6BJTUcNowp6cvspg0jXznRTKDjm/E7AdgFBVeAPVMNcKGsHMA==",
          "optional": true,
          "requires": {
            "ms": "2.0.0"
          }
        },
        "ms": {
          "version": "2.0.0",
          "resolved": "https://registry.npmjs.org/ms/-/ms-2.0.0.tgz",
          "integrity": "sha1-VgiurfwAvmwpAd9fmGF4jeDVl8g=",
          "optional": true
        }
      }
    },
    "requizzle": {
      "version": "0.2.3",
      "resolved": "https://registry.npmjs.org/requizzle/-/requizzle-0.2.3.tgz",
      "integrity": "sha512-YanoyJjykPxGHii0fZP0uUPEXpvqfBDxWV7s6GKAiiOsiqhX6vHNyW3Qzdmqp/iq/ExbhaGbVrjB4ruEVSM4GQ==",
      "dev": true,
      "requires": {
        "lodash": "^4.17.14"
      }
    },
    "rimraf": {
      "version": "3.0.2",
      "resolved": "https://registry.npmjs.org/rimraf/-/rimraf-3.0.2.tgz",
      "integrity": "sha512-JZkJMZkAGFFPP2YqXZXPbMlMBgsxzE8ILs4lMIX/2o0L9UBw9O/Y3o6wFw/i9YLapcUJWwqbi3kdxIPdC62TIA==",
      "requires": {
        "glob": "^7.1.3"
      }
    },
    "safe-buffer": {
      "version": "5.2.1",
      "resolved": "https://registry.npmjs.org/safe-buffer/-/safe-buffer-5.2.1.tgz",
      "integrity": "sha512-rp3So07KcdmmKbGvgaNxQSJr7bGVSVk5S9Eq1F+ppbRo70+YeaDxkw5Dd8NPN+GD6bjnYm2VuPuCXmpuYvmCXQ=="
    },
    "semver": {
      "version": "7.3.5",
      "resolved": "https://registry.npmjs.org/semver/-/semver-7.3.5.tgz",
      "integrity": "sha512-PoeGJYh8HK4BTO/a9Tf6ZG3veo/A7ZVsYrSA6J8ny9nb3B1VrpkuN+z9OE5wfE5p6H4LchYZsegiQgbJD94ZFQ==",
      "requires": {
        "lru-cache": "^6.0.0"
      }
    },
    "set-blocking": {
      "version": "2.0.0",
      "resolved": "https://registry.npmjs.org/set-blocking/-/set-blocking-2.0.0.tgz",
      "integrity": "sha1-BF+XgtARrppoA93TgrJDkrPYkPc="
    },
    "signal-exit": {
      "version": "3.0.6",
      "resolved": "https://registry.npmjs.org/signal-exit/-/signal-exit-3.0.6.tgz",
      "integrity": "sha512-sDl4qMFpijcGw22U5w63KmD3cZJfBuFlVNbVMKje2keoKML7X2UzWbc4XrmEbDwg0NXJc3yv4/ox7b+JWb57kQ=="
    },
    "sprintf-js": {
      "version": "1.0.3",
      "resolved": "https://registry.npmjs.org/sprintf-js/-/sprintf-js-1.0.3.tgz",
      "integrity": "sha1-BOaSb2YolTVPPdAVIDYzuFcpfiw=",
      "dev": true
    },
    "string-width": {
      "version": "4.2.3",
      "resolved": "https://registry.npmjs.org/string-width/-/string-width-4.2.3.tgz",
      "integrity": "sha512-wKyQRQpjJ0sIp62ErSZdGsjMJWsap5oRNihHhu6G7JVO/9jIB6UyevL+tXuOqrng8j/cxKTWyWUwvSTriiZz/g==",
      "requires": {
        "emoji-regex": "^8.0.0",
        "is-fullwidth-code-point": "^3.0.0",
        "strip-ansi": "^6.0.1"
      },
      "dependencies": {
        "ansi-regex": {
          "version": "5.0.1",
          "resolved": "https://registry.npmjs.org/ansi-regex/-/ansi-regex-5.0.1.tgz",
          "integrity": "sha512-quJQXlTSUGL2LH9SUXo8VwsY4soanhgo6LNSm84E1LBcE8s3O0wpdiRzyR9z/ZZJMlMWv37qOOb9pdJlMUEKFQ=="
        },
        "is-fullwidth-code-point": {
          "version": "3.0.0",
          "resolved": "https://registry.npmjs.org/is-fullwidth-code-point/-/is-fullwidth-code-point-3.0.0.tgz",
          "integrity": "sha512-zymm5+u+sCsSWyD9qNaejV3DFvhCKclKdizYaJUuHA83RLjb7nSuGnddCHGv0hk+KY7BMAlsWeK4Ueg6EV6XQg=="
        },
        "strip-ansi": {
          "version": "6.0.1",
          "resolved": "https://registry.npmjs.org/strip-ansi/-/strip-ansi-6.0.1.tgz",
          "integrity": "sha512-Y38VPSHcqkFrCpFnQ9vuSXmquuv5oXOKpGeT6aGrr3o3Gc9AlVa6JBfUSOCnbxGGZF+/0ooI7KrPuUSztUdU5A==",
          "requires": {
            "ansi-regex": "^5.0.1"
          }
        }
      }
    },
    "string_decoder": {
      "version": "1.3.0",
      "resolved": "https://registry.npmjs.org/string_decoder/-/string_decoder-1.3.0.tgz",
      "integrity": "sha512-hkRX8U1WjJFd8LsDJ2yQ/wWWxaopEsABU1XfkM8A+j0+85JAGppt16cr1Whg6KIbb4okU6Mql6BOj+uup/wKeA==",
      "requires": {
        "safe-buffer": "~5.2.0"
      }
    },
    "strip-ansi": {
      "version": "4.0.0",
      "resolved": "https://registry.npmjs.org/strip-ansi/-/strip-ansi-4.0.0.tgz",
      "integrity": "sha1-qEeQIusaw2iocTibY1JixQXuNo8=",
      "requires": {
        "ansi-regex": "^3.0.0"
      }
    },
    "strip-json-comments": {
      "version": "3.1.1",
      "resolved": "https://registry.npmjs.org/strip-json-comments/-/strip-json-comments-3.1.1.tgz",
      "integrity": "sha512-6fPc+R4ihwqP6N/aIv2f1gMH8lOVtWQHoqC4yK6oSDVVocumAsfCqjkXnqiYMhmMwS/mEHLp7Vehlt3ql6lEig==",
      "dev": true
    },
    "taffydb": {
      "version": "2.6.2",
      "resolved": "https://registry.npmjs.org/taffydb/-/taffydb-2.6.2.tgz",
      "integrity": "sha1-fLy2S1oUG2ou/CxdLGe04VCyomg=",
      "dev": true
    },
    "tar": {
      "version": "6.1.11",
      "resolved": "https://registry.npmjs.org/tar/-/tar-6.1.11.tgz",
      "integrity": "sha512-an/KZQzQUkZCkuoAA64hM92X0Urb6VpRhAFllDzz44U2mcD5scmT3zBc4VgVpkugF580+DQn8eAFSyoQt0tznA==",
      "requires": {
        "chownr": "^2.0.0",
        "fs-minipass": "^2.0.0",
        "minipass": "^3.0.0",
        "minizlib": "^2.1.1",
        "mkdirp": "^1.0.3",
        "yallist": "^4.0.0"
      }
    },
    "tr46": {
      "version": "0.0.3",
      "resolved": "https://registry.npmjs.org/tr46/-/tr46-0.0.3.tgz",
      "integrity": "sha1-gYT9NH2snNwYWZLzpmIuFLnZq2o="
    },
    "uc.micro": {
      "version": "1.0.6",
      "resolved": "https://registry.npmjs.org/uc.micro/-/uc.micro-1.0.6.tgz",
      "integrity": "sha512-8Y75pvTYkLJW2hWQHXxoqRgV7qb9B+9vFEtidML+7koHUFapnVJAZ6cKs+Qjz5Aw3aZWHMC6u0wJE3At+nSGwA==",
      "dev": true
    },
    "underscore": {
      "version": "1.13.1",
      "resolved": "https://registry.npmjs.org/underscore/-/underscore-1.13.1.tgz",
      "integrity": "sha512-hzSoAVtJF+3ZtiFX0VgfFPHEDRm7Y/QPjGyNo4TVdnDTdft3tr8hEkD25a1jC+TjTuE7tkHGKkhwCgs9dgBB2g==",
      "dev": true
    },
    "universalify": {
      "version": "2.0.0",
      "resolved": "https://registry.npmjs.org/universalify/-/universalify-2.0.0.tgz",
      "integrity": "sha512-hAZsKq7Yy11Zu1DE0OzWjw7nnLZmJZYTDZZyEFHZdUhV8FkH5MCfoU1XMaxXovpyW5nq5scPqq0ZDP9Zyl04oQ=="
    },
    "util-deprecate": {
      "version": "1.0.2",
      "resolved": "https://registry.npmjs.org/util-deprecate/-/util-deprecate-1.0.2.tgz",
      "integrity": "sha1-RQ1Nyfpw3nMnYvvS1KKJgUGaDM8="
    },
    "webidl-conversions": {
      "version": "3.0.1",
      "resolved": "https://registry.npmjs.org/webidl-conversions/-/webidl-conversions-3.0.1.tgz",
      "integrity": "sha1-JFNCdeKnvGvnvIZhHMFq4KVlSHE="
    },
    "whatwg-url": {
      "version": "5.0.0",
      "resolved": "https://registry.npmjs.org/whatwg-url/-/whatwg-url-5.0.0.tgz",
      "integrity": "sha1-lmRU6HZUYuN2RNNib2dCzotwll0=",
      "requires": {
        "tr46": "~0.0.3",
        "webidl-conversions": "^3.0.0"
      }
    },
    "wide-align": {
      "version": "1.1.5",
      "resolved": "https://registry.npmjs.org/wide-align/-/wide-align-1.1.5.tgz",
      "integrity": "sha512-eDMORYaPNZ4sQIuuYPDHdQvf4gyCF9rEEV/yPxGfwPkRodwEgiMUUXTx/dex+Me0wxx53S+NgUHaP7y3MGlDmg==",
      "requires": {
        "string-width": "^1.0.2 || 2 || 3 || 4"
      }
    },
    "wrappy": {
      "version": "1.0.2",
      "resolved": "https://registry.npmjs.org/wrappy/-/wrappy-1.0.2.tgz",
      "integrity": "sha1-tSQ9jz7BqjXxNkYFvA0QNuMKtp8="
    },
    "xmlcreate": {
      "version": "2.0.4",
      "resolved": "https://registry.npmjs.org/xmlcreate/-/xmlcreate-2.0.4.tgz",
      "integrity": "sha512-nquOebG4sngPmGPICTS5EnxqhKbCmz5Ox5hsszI2T6U5qdrJizBc+0ilYSEjTSzU0yZcmvppztXe/5Al5fUwdg==",
      "dev": true
    },
    "yallist": {
      "version": "4.0.0",
      "resolved": "https://registry.npmjs.org/yallist/-/yallist-4.0.0.tgz",
      "integrity": "sha512-3wdGidZyq5PB084XLES5TpOSRA3wjXAlIWMhum2kRcv/41Sn2emQ0dycQW4uZXLejwKvg6EsvbdlVL+FYEct7A=="
    }
  }
}
